// !$*UTF8*$!
{
	archiveVersion = 1;
	classes = {
	};
	objectVersion = 46;
	objects = {

/* Begin PBXBuildFile section */
		B2D382D91F3E16FD00DBD7B2 /* AppDelegate.swift in Sources */ = {isa = PBXBuildFile; fileRef = B2D382D81F3E16FD00DBD7B2 /* AppDelegate.swift */; };
		B2D382DB1F3E16FD00DBD7B2 /* ShowTasks.swift in Sources */ = {isa = PBXBuildFile; fileRef = B2D382DA1F3E16FD00DBD7B2 /* ShowTasks.swift */; };
		B2D382DE1F3E16FD00DBD7B2 /* Main.storyboard in Resources */ = {isa = PBXBuildFile; fileRef = B2D382DC1F3E16FD00DBD7B2 /* Main.storyboard */; };
		B2D382E11F3E16FD00DBD7B2 /* DoItList.xcdatamodeld in Sources */ = {isa = PBXBuildFile; fileRef = B2D382DF1F3E16FD00DBD7B2 /* DoItList.xcdatamodeld */; };
		B2D382E31F3E16FD00DBD7B2 /* Assets.xcassets in Resources */ = {isa = PBXBuildFile; fileRef = B2D382E21F3E16FD00DBD7B2 /* Assets.xcassets */; };
		B2D382E61F3E16FD00DBD7B2 /* LaunchScreen.storyboard in Resources */ = {isa = PBXBuildFile; fileRef = B2D382E41F3E16FD00DBD7B2 /* LaunchScreen.storyboard */; };
		B2D382EE1F3E17D400DBD7B2 /* createTaskVC.swift in Sources */ = {isa = PBXBuildFile; fileRef = B2D382ED1F3E17D400DBD7B2 /* createTaskVC.swift */; };
		B2D382F01F3E191C00DBD7B2 /* TaskClass.swift in Sources */ = {isa = PBXBuildFile; fileRef = B2D382EF1F3E191C00DBD7B2 /* TaskClass.swift */; };
/* End PBXBuildFile section */

/* Begin PBXFileReference section */
		B2D382D51F3E16FD00DBD7B2 /* DoItList.app */ = {isa = PBXFileReference; explicitFileType = wrapper.application; includeInIndex = 0; path = DoItList.app; sourceTree = BUILT_PRODUCTS_DIR; };
		B2D382D81F3E16FD00DBD7B2 /* AppDelegate.swift */ = {isa = PBXFileReference; lastKnownFileType = sourcecode.swift; path = AppDelegate.swift; sourceTree = "<group>"; };
		B2D382DA1F3E16FD00DBD7B2 /* ShowTasks.swift */ = {isa = PBXFileReference; lastKnownFileType = sourcecode.swift; path = ShowTasks.swift; sourceTree = "<group>"; };
		B2D382DD1F3E16FD00DBD7B2 /* Base */ = {isa = PBXFileReference; lastKnownFileType = file.storyboard; name = Base; path = Base.lproj/Main.storyboard; sourceTree = "<group>"; };
		B2D382E01F3E16FD00DBD7B2 /* DoItList.xcdatamodel */ = {isa = PBXFileReference; lastKnownFileType = wrapper.xcdatamodel; path = DoItList.xcdatamodel; sourceTree = "<group>"; };
		B2D382E21F3E16FD00DBD7B2 /* Assets.xcassets */ = {isa = PBXFileReference; lastKnownFileType = folder.assetcatalog; path = Assets.xcassets; sourceTree = "<group>"; };
		B2D382E51F3E16FD00DBD7B2 /* Base */ = {isa = PBXFileReference; lastKnownFileType = file.storyboard; name = Base; path = Base.lproj/LaunchScreen.storyboard; sourceTree = "<group>"; };
		B2D382E71F3E16FD00DBD7B2 /* Info.plist */ = {isa = PBXFileReference; lastKnownFileType = text.plist.xml; path = Info.plist; sourceTree = "<group>"; };
		B2D382ED1F3E17D400DBD7B2 /* createTaskVC.swift */ = {isa = PBXFileReference; fileEncoding = 4; lastKnownFileType = sourcecode.swift; path = createTaskVC.swift; sourceTree = "<group>"; };
		B2D382EF1F3E191C00DBD7B2 /* TaskClass.swift */ = {isa = PBXFileReference; fileEncoding = 4; lastKnownFileType = sourcecode.swift; path = TaskClass.swift; sourceTree = "<group>"; };
/* End PBXFileReference section */

/* Begin PBXFrameworksBuildPhase section */
		B2D382D21F3E16FD00DBD7B2 /* Frameworks */ = {
			isa = PBXFrameworksBuildPhase;
			buildActionMask = 2147483647;
			files = (
			);
			runOnlyForDeploymentPostprocessing = 0;
		};
/* End PBXFrameworksBuildPhase section */

/* Begin PBXGroup section */
		B2D382CC1F3E16FD00DBD7B2 = {
			isa = PBXGroup;
			children = (
				B2D382D71F3E16FD00DBD7B2 /* DoItList */,
				B2D382D61F3E16FD00DBD7B2 /* Products */,
			);
			sourceTree = "<group>";
		};
		B2D382D61F3E16FD00DBD7B2 /* Products */ = {
			isa = PBXGroup;
			children = (
				B2D382D51F3E16FD00DBD7B2 /* DoItList.app */,
			);
			name = Products;
			sourceTree = "<group>";
		};
		B2D382D71F3E16FD00DBD7B2 /* DoItList */ = {
			isa = PBXGroup;
			children = (
				B2D382D81F3E16FD00DBD7B2 /* AppDelegate.swift */,
				B2D382DA1F3E16FD00DBD7B2 /* ShowTasks.swift */,
				B2D382ED1F3E17D400DBD7B2 /* createTaskVC.swift */,
				B2D382EF1F3E191C00DBD7B2 /* TaskClass.swift */,
				B2D382DC1F3E16FD00DBD7B2 /* Main.storyboard */,
				B2D382E21F3E16FD00DBD7B2 /* Assets.xcassets */,
				B2D382E41F3E16FD00DBD7B2 /* LaunchScreen.storyboard */,
				B2D382E71F3E16FD00DBD7B2 /* Info.plist */,
				B2D382DF1F3E16FD00DBD7B2 /* DoItList.xcdatamodeld */,
			);
			path = DoItList;
			sourceTree = "<group>";
		};
/* End PBXGroup section */

/* Begin PBXNativeTarget section */
		B2D382D41F3E16FD00DBD7B2 /* DoItList */ = {
			isa = PBXNativeTarget;
			buildConfigurationList = B2D382EA1F3E16FD00DBD7B2 /* Build configuration list for PBXNativeTarget "DoItList" */;
			buildPhases = (
				B2D382D11F3E16FD00DBD7B2 /* Sources */,
				B2D382D21F3E16FD00DBD7B2 /* Frameworks */,
				B2D382D31F3E16FD00DBD7B2 /* Resources */,
			);
			buildRules = (
			);
			dependencies = (
			);
			name = DoItList;
			productName = DoItList;
			productReference = B2D382D51F3E16FD00DBD7B2 /* DoItList.app */;
			productType = "com.apple.product-type.application";
		};
/* End PBXNativeTarget section */

/* Begin PBXProject section */
		B2D382CD1F3E16FD00DBD7B2 /* Project object */ = {
			isa = PBXProject;
			attributes = {
				LastSwiftUpdateCheck = 0830;
				LastUpgradeCheck = 0830;
				ORGANIZATIONNAME = "Manolescu Mihai Alexandru";
				TargetAttributes = {
					B2D382D41F3E16FD00DBD7B2 = {
						CreatedOnToolsVersion = 8.3.3;
						DevelopmentTeam = 2TQ6ZS9R76;
						ProvisioningStyle = Automatic;
					};
				};
			};
			buildConfigurationList = B2D382D01F3E16FD00DBD7B2 /* Build configuration list for PBXProject "DoItList" */;
			compatibilityVersion = "Xcode 3.2";
			developmentRegion = English;
			hasScannedForEncodings = 0;
			knownRegions = (
				en,
				Base,
			);
			mainGroup = B2D382CC1F3E16FD00DBD7B2;
			productRefGroup = B2D382D61F3E16FD00DBD7B2 /* Products */;
			projectDirPath = "";
			projectRoot = "";
			targets = (
				B2D382D41F3E16FD00DBD7B2 /* DoItList */,
			);
		};
/* End PBXProject section */

/* Begin PBXResourcesBuildPhase section */
		B2D382D31F3E16FD00DBD7B2 /* Resources */ = {
			isa = PBXResourcesBuildPhase;
			buildActionMask = 2147483647;
			files = (
				B2D382E61F3E16FD00DBD7B2 /* LaunchScreen.storyboard in Resources */,
				B2D382E31F3E16FD00DBD7B2 /* Assets.xcassets in Resources */,
				B2D382DE1F3E16FD00DBD7B2 /* Main.storyboard in Resources */,
			);
			runOnlyForDeploymentPostprocessing = 0;
		};
/* End PBXResourcesBuildPhase section */

/* Begin PBXSourcesBuildPhase section */
		B2D382D11F3E16FD00DBD7B2 /* Sources */ = {
			isa = PBXSourcesBuildPhase;
			buildActionMask = 2147483647;
			files = (
				B2D382DB1F3E16FD00DBD7B2 /* ShowTasks.swift in Sources */,
				B2D382EE1F3E17D400DBD7B2 /* createTaskVC.swift in Sources */,
				B2D382D91F3E16FD00DBD7B2 /* AppDelegate.swift in Sources */,
				B2D382E11F3E16FD00DBD7B2 /* DoItList.xcdatamodeld in Sources */,
				B2D382F01F3E191C00DBD7B2 /* TaskClass.swift in Sources */,
			);
			runOnlyForDeploymentPostprocessing = 0;
		};
/* End PBXSourcesBuildPhase section */

/* Begin PBXVariantGroup section */
		B2D382DC1F3E16FD00DBD7B2 /* Main.storyboard */ = {
			isa = PBXVariantGroup;
			children = (
				B2D382DD1F3E16FD00DBD7B2 /* Base */,
			);
			name = Main.storyboard;
			sourceTree = "<group>";
		};
		B2D382E41F3E16FD00DBD7B2 /* LaunchScreen.storyboard */ = {
			isa = PBXVariantGroup;
			children = (
				B2D382E51F3E16FD00DBD7B2 /* Base */,
			);
			name = LaunchScreen.storyboard;
			sourceTree = "<group>";
		};
/* End PBXVariantGroup section */

/* Begin XCBuildConfiguration section */
		B2D382E81F3E16FD00DBD7B2 /* Debug */ = {
			isa = XCBuildConfiguration;
			buildSettings = {
				ALWAYS_SEARCH_USER_PATHS = NO;
				CLANG_ANALYZER_NONNULL = YES;
				CLANG_ANALYZER_NUMBER_OBJECT_CONVERSION = YES_AGGRESSIVE;
				CLANG_CXX_LANGUAGE_STANDARD = "gnu++0x";
				CLANG_CXX_LIBRARY = "libc++";
				CLANG_ENABLE_MODULES = YES;
				CLANG_ENABLE_OBJC_ARC = YES;
				CLANG_WARN_BOOL_CONVERSION = YES;
				CLANG_WARN_CONSTANT_CONVERSION = YES;
				CLANG_WARN_DIRECT_OBJC_ISA_USAGE = YES_ERROR;
				CLANG_WARN_DOCUMENTATION_COMMENTS = YES;
				CLANG_WARN_EMPTY_BODY = YES;
				CLANG_WARN_ENUM_CONVERSION = YES;
				CLANG_WARN_INFINITE_RECURSION = YES;
				CLANG_WARN_INT_CONVERSION = YES;
				CLANG_WARN_OBJC_ROOT_CLASS = YES_ERROR;
				CLANG_WARN_SUSPICIOUS_MOVE = YES;
				CLANG_WARN_UNREACHABLE_CODE = YES;
				CLANG_WARN__DUPLICATE_METHOD_MATCH = YES;
				"CODE_SIGN_IDENTITY[sdk=iphoneos*]" = "iPhone Developer";
				COPY_PHASE_STRIP = NO;
				DEBUG_INFORMATION_FORMAT = dwarf;
				ENABLE_STRICT_OBJC_MSGSEND = YES;
				ENABLE_TESTABILITY = YES;
				GCC_C_LANGUAGE_STANDARD = gnu99;
				GCC_DYNAMIC_NO_PIC = NO;
				GCC_NO_COMMON_BLOCKS = YES;
				GCC_OPTIMIZATION_LEVEL = 0;
				GCC_PREPROCESSOR_DEFINITIONS = (
					"DEBUG=1",
					"$(inherited)",
				);
				GCC_WARN_64_TO_32_BIT_CONVERSION = YES;
				GCC_WARN_ABOUT_RETURN_TYPE = YES_ERROR;
				GCC_WARN_UNDECLARED_SELECTOR = YES;
				GCC_WARN_UNINITIALIZED_AUTOS = YES_AGGRESSIVE;
				GCC_WARN_UNUSED_FUNCTION = YES;
				GCC_WARN_UNUSED_VARIABLE = YES;
				IPHONEOS_DEPLOYMENT_TARGET = 10.3;
				MTL_ENABLE_DEBUG_INFO = YES;
				ONLY_ACTIVE_ARCH = YES;
				SDKROOT = iphoneos;
				SWIFT_ACTIVE_COMPILATION_CONDITIONS = DEBUG;
				SWIFT_OPTIMIZATION_LEVEL = "-Onone";
				TARGETED_DEVICE_FAMILY = "1,2";
			};
			name = Debug;
		};
		B2D382E91F3E16FD00DBD7B2 /* Release */ = {
			isa = XCBuildConfiguration;
			buildSettings = {
				ALWAYS_SEARCH_USER_PATHS = NO;
				CLANG_ANALYZER_NONNULL = YES;
				CLANG_ANALYZER_NUMBER_OBJECT_CONVERSION = YES_AGGRESSIVE;
				CLANG_CXX_LANGUAGE_STANDARD = "gnu++0x";
				CLANG_CXX_LIBRARY = "libc++";
				CLANG_ENABLE_MODULES = YES;
				CLANG_ENABLE_OBJC_ARC = YES;
				CLANG_WARN_BOOL_CONVERSION = YES;
				CLANG_WARN_CONSTANT_CONVERSION = YES;
				CLANG_WARN_DIRECT_OBJC_ISA_USAGE = YES_ERROR;
				CLANG_WARN_DOCUMENTATION_COMMENTS = YES;
				CLANG_WARN_EMPTY_BODY = YES;
				CLANG_WARN_ENUM_CONVERSION = YES;
				CLANG_WARN_INFINITE_RECURSION = YES;
				CLANG_WARN_INT_CONVERSION = YES;
				CLANG_WARN_OBJC_ROOT_CLASS = YES_ERROR;
				CLANG_WARN_SUSPICIOUS_MOVE = YES;
				CLANG_WARN_UNREACHABLE_CODE = YES;
				CLANG_WARN__DUPLICATE_METHOD_MATCH = YES;
				"CODE_SIGN_IDENTITY[sdk=iphoneos*]" = "iPhone Developer";
				COPY_PHASE_STRIP = NO;
				DEBUG_INFORMATION_FORMAT = "dwarf-with-dsym";
				ENABLE_NS_ASSERTIONS = NO;
				ENABLE_STRICT_OBJC_MSGSEND = YES;
				GCC_C_LANGUAGE_STANDARD = gnu99;
				GCC_NO_COMMON_BLOCKS = YES;
				GCC_WARN_64_TO_32_BIT_CONVERSION = YES;
				GCC_WARN_ABOUT_RETURN_TYPE = YES_ERROR;
				GCC_WARN_UNDECLARED_SELECTOR = YES;
				GCC_WARN_UNINITIALIZED_AUTOS = YES_AGGRESSIVE;
				GCC_WARN_UNUSED_FUNCTION = YES;
				GCC_WARN_UNUSED_VARIABLE = YES;
				IPHONEOS_DEPLOYMENT_TARGET = 10.3;
				MTL_ENABLE_DEBUG_INFO = NO;
				SDKROOT = iphoneos;
				SWIFT_OPTIMIZATION_LEVEL = "-Owholemodule";
				TARGETED_DEVICE_FAMILY = "1,2";
				VALIDATE_PRODUCT = YES;
			};
			name = Release;
		};
		B2D382EB1F3E16FD00DBD7B2 /* Debug */ = {
			isa = XCBuildConfiguration;
			buildSettings = {
				ASSETCATALOG_COMPILER_APPICON_NAME = AppIcon;
				DEVELOPMENT_TEAM = 2TQ6ZS9R76;
				INFOPLIST_FILE = DoItList/Info.plist;
				LD_RUNPATH_SEARCH_PATHS = "$(inherited) @executable_path/Frameworks";
				PRODUCT_BUNDLE_IDENTIFIER = AVP.DoItList;
				PRODUCT_NAME = "$(TARGET_NAME)";
				SWIFT_VERSION = 3.0;
			};
			name = Debug;
		};
		B2D382EC1F3E16FD00DBD7B2 /* Release */ = {
			isa = XCBuildConfiguration;
			buildSettings = {
				ASSETCATALOG_COMPILER_APPICON_NAME = AppIcon;
				DEVELOPMENT_TEAM = 2TQ6ZS9R76;
				INFOPLIST_FILE = DoItList/Info.plist;
				LD_RUNPATH_SEARCH_PATHS = "$(inherited) @executable_path/Frameworks";
				PRODUCT_BUNDLE_IDENTIFIER = AVP.DoItList;
				PRODUCT_NAME = "$(TARGET_NAME)";
				SWIFT_VERSION = 3.0;
			};
			name = Release;
		};
/* End XCBuildConfiguration section */

/* Begin XCConfigurationList section */
		B2D382D01F3E16FD00DBD7B2 /* Build configuration list for PBXProject "DoItList" */ = {
			isa = XCConfigurationList;
			buildConfigurations = (
				B2D382E81F3E16FD00DBD7B2 /* Debug */,
				B2D382E91F3E16FD00DBD7B2 /* Release */,
			);
			defaultConfigurationIsVisible = 0;
			defaultConfigurationName = Release;
		};
		B2D382EA1F3E16FD00DBD7B2 /* Build configuration list for PBXNativeTarget "DoItList" */ = {
			isa = XCConfigurationList;
			buildConfigurations = (
				B2D382EB1F3E16FD00DBD7B2 /* Debug */,
				B2D382EC1F3E16FD00DBD7B2 /* Release */,
			);
			defaultConfigurationIsVisible = 0;
			defaultConfigurationName = Release;
		};
/* End XCConfigurationList section */

/* Begin XCVersionGroup section */
		B2D382DF1F3E16FD00DBD7B2 /* DoItList.xcdatamodeld */ = {
			isa = XCVersionGroup;
			children = (
				B2D382E01F3E16FD00DBD7B2 /* DoItList.xcdatamodel */,
			);
			currentVersion = B2D382E01F3E16FD00DBD7B2 /* DoItList.xcdatamodel */;
			path = DoItList.xcdatamodeld;
			sourceTree = "<group>";
			versionGroupType = wrapper.xcdatamodel;
		};
/* End XCVersionGroup section */
	};
	rootObject = B2D382CD1F3E16FD00DBD7B2 /* Project object */;
}
